
Microsoft Visual Studio Solution File, Format Version 12.00
# Visual Studio 15
VisualStudioVersion = 15.0.28010.2046
MinimumVisualStudioVersion = 10.0.40219.1
Project("{F184B08F-C81C-45F6-A57F-5ABD9991F28F}") = "Form Events", "Form Events\Form Events.vbproj", "{A84AFEE1-1BD1-4110-82C9-56C346DFE368}"
EndProject
Global
	GlobalSection(SolutionConfigurationPlatforms) = preSolution
		Debug|Any CPU = Debug|Any CPU
		Release|Any CPU = Release|Any CPU
	EndGlobalSection
	GlobalSection(ProjectConfigurationPlatforms) = postSolution
		{A84AFEE1-1BD1-4110-82C9-56C346DFE368}.Debug|Any CPU.ActiveCfg = Debug|Any CPU
		{A84AFEE1-1BD1-4110-82C9-56C346DFE368}.Debug|Any CPU.Build.0 = Debug|Any CPU
		{A84AFEE1-1BD1-4110-82C9-56C346DFE368}.Release|Any CPU.ActiveCfg = Release|Any CPU
		{A84AFEE1-1BD1-4110-82C9-56C346DFE368}.Release|Any CPU.Build.0 = Release|Any CPU
	EndGlobalSection
	GlobalSection(SolutionProperties) = preSolution
		HideSolutionNode = FALSE
	EndGlobalSection
	GlobalSection(ExtensibilityGlobals) = postSolution
		SolutionGuid = {AFA65D98-A0F3-4512-A788-6B709D24686E}
	EndGlobalSection
EndGlobal
